
Microsoft Visual Studio Solution File, Format Version 12.00
# Visual Studio Version 17
VisualStudioVersion = 17.9.34902.65
MinimumVisualStudioVersion = 10.0.40219.1
Project("{2150E333-8FDC-42A3-9474-1A3956D46DE8}") = "Bootstrapper", "Bootstrapper", "{A45EA7FB-243D-4213-8F7A-E6EFF4F07CAF}"
EndProject
Project("{2150E333-8FDC-42A3-9474-1A3956D46DE8}") = "Modules", "Modules", "{439D69C4-685B-4719-B137-A98A5E8FF7C8}"
EndProject
Project("{2150E333-8FDC-42A3-9474-1A3956D46DE8}") = "Shared", "Shared", "{029ECE7D-5FF5-4202-8932-F69C7231AF8A}"
EndProject
Project("{9A19103F-16F7-4668-BE54-9A1E7A4F7556}") = "Api", "Bootstrapper\Api\Api.csproj", "{54105360-D829-489D-AAB6-801A4D0502A3}"
EndProject
Project("{2150E333-8FDC-42A3-9474-1A3956D46DE8}") = "Catalog", "Catalog", "{36E70328-9A89-4BE8-960C-C0932797331E}"
EndProject
Project("{2150E333-8FDC-42A3-9474-1A3956D46DE8}") = "Basket", "Basket", "{0A614C58-D8D9-4F5E-AD28-E287EE814F25}"
EndProject
Project("{2150E333-8FDC-42A3-9474-1A3956D46DE8}") = "Ordering", "Ordering", "{7FF3B90C-AEEF-4263-9F8D-A0E94C7E7A06}"
EndProject
Project("{9A19103F-16F7-4668-BE54-9A1E7A4F7556}") = "Catalog", "Modules\Catalog\Catalog\Catalog.csproj", "{FAE57CA0-0727-4C6D-8E1D-5A64227F775D}"
EndProject
Project("{9A19103F-16F7-4668-BE54-9A1E7A4F7556}") = "Basket", "Modules\Basket\Basket\Basket.csproj", "{96D4F20C-8A48-49C9-BD95-6A3E86DA3A31}"
EndProject
Project("{9A19103F-16F7-4668-BE54-9A1E7A4F7556}") = "Ordering", "Modules\Ordering\Ordering\Ordering.csproj", "{9631A114-6E48-4316-9ACA-8A5C281BD591}"
EndProject
Project("{9A19103F-16F7-4668-BE54-9A1E7A4F7556}") = "Shared", "Shared\Shared\Shared.csproj", "{5F72D844-D38D-495E-8DF6-78246BD8EB4E}"
EndProject
Project("{E53339B2-1760-4266-BCC7-CA923CBCF16C}") = "docker-compose", "docker-compose.dcproj", "{7AE1D9AF-A9C4-472A-A3C3-28058B8701F8}"
EndProject
Project("{9A19103F-16F7-4668-BE54-9A1E7A4F7556}") = "Catalog.Contracts", "Modules\Catalog\Catalog.Contracts\Catalog.Contracts.csproj", "{204F0919-F646-4136-A906-C28B94403638}"
EndProject
Project("{9A19103F-16F7-4668-BE54-9A1E7A4F7556}") = "Shared.Contracts", "Shared\Shared.Contracts\Shared.Contracts.csproj", "{CC905E28-0DA7-4866-B208-7241527BDF2A}"
EndProject
Project("{FAE04EC0-301F-11D3-BF4B-00C04F79EFBC}") = "Shared.Messaging", "Shared\Shared.Messaging\Shared.Messaging.csproj", "{D2B75057-2447-477E-AF3E-042CF44D2E15}"
EndProject
Global
	GlobalSection(SolutionConfigurationPlatforms) = preSolution
		Debug|Any CPU = Debug|Any CPU
		Release|Any CPU = Release|Any CPU
	EndGlobalSection
	GlobalSection(ProjectConfigurationPlatforms) = postSolution
		{54105360-D829-489D-AAB6-801A4D0502A3}.Debug|Any CPU.ActiveCfg = Debug|Any CPU
		{54105360-D829-489D-AAB6-801A4D0502A3}.Debug|Any CPU.Build.0 = Debug|Any CPU
		{54105360-D829-489D-AAB6-801A4D0502A3}.Release|Any CPU.ActiveCfg = Release|Any CPU
		{54105360-D829-489D-AAB6-801A4D0502A3}.Release|Any CPU.Build.0 = Release|Any CPU
		{FAE57CA0-0727-4C6D-8E1D-5A64227F775D}.Debug|Any CPU.ActiveCfg = Debug|Any CPU
		{FAE57CA0-0727-4C6D-8E1D-5A64227F775D}.Debug|Any CPU.Build.0 = Debug|Any CPU
		{FAE57CA0-0727-4C6D-8E1D-5A64227F775D}.Release|Any CPU.ActiveCfg = Release|Any CPU
		{FAE57CA0-0727-4C6D-8E1D-5A64227F775D}.Release|Any CPU.Build.0 = Release|Any CPU
		{96D4F20C-8A48-49C9-BD95-6A3E86DA3A31}.Debug|Any CPU.ActiveCfg = Debug|Any CPU
		{96D4F20C-8A48-49C9-BD95-6A3E86DA3A31}.Debug|Any CPU.Build.0 = Debug|Any CPU
		{96D4F20C-8A48-49C9-BD95-6A3E86DA3A31}.Release|Any CPU.ActiveCfg = Release|Any CPU
		{96D4F20C-8A48-49C9-BD95-6A3E86DA3A31}.Release|Any CPU.Build.0 = Release|Any CPU
		{9631A114-6E48-4316-9ACA-8A5C281BD591}.Debug|Any CPU.ActiveCfg = Debug|Any CPU
		{9631A114-6E48-4316-9ACA-8A5C281BD591}.Debug|Any CPU.Build.0 = Debug|Any CPU
		{9631A114-6E48-4316-9ACA-8A5C281BD591}.Release|Any CPU.ActiveCfg = Release|Any CPU
		{9631A114-6E48-4316-9ACA-8A5C281BD591}.Release|Any CPU.Build.0 = Release|Any CPU
		{5F72D844-D38D-495E-8DF6-78246BD8EB4E}.Debug|Any CPU.ActiveCfg = Debug|Any CPU
		{5F72D844-D38D-495E-8DF6-78246BD8EB4E}.Debug|Any CPU.Build.0 = Debug|Any CPU
		{5F72D844-D38D-495E-8DF6-78246BD8EB4E}.Release|Any CPU.ActiveCfg = Release|Any CPU
		{5F72D844-D38D-495E-8DF6-78246BD8EB4E}.Release|Any CPU.Build.0 = Release|Any CPU
		{7AE1D9AF-A9C4-472A-A3C3-28058B8701F8}.Debug|Any CPU.ActiveCfg = Debug|Any CPU
		{7AE1D9AF-A9C4-472A-A3C3-28058B8701F8}.Debug|Any CPU.Build.0 = Debug|Any CPU
		{7AE1D9AF-A9C4-472A-A3C3-28058B8701F8}.Release|Any CPU.ActiveCfg = Release|Any CPU
		{7AE1D9AF-A9C4-472A-A3C3-28058B8701F8}.Release|Any CPU.Build.0 = Release|Any CPU
		{204F0919-F646-4136-A906-C28B94403638}.Debug|Any CPU.ActiveCfg = Debug|Any CPU
		{204F0919-F646-4136-A906-C28B94403638}.Debug|Any CPU.Build.0 = Debug|Any CPU
		{204F0919-F646-4136-A906-C28B94403638}.Release|Any CPU.ActiveCfg = Release|Any CPU
		{204F0919-F646-4136-A906-C28B94403638}.Release|Any CPU.Build.0 = Release|Any CPU
		{CC905E28-0DA7-4866-B208-7241527BDF2A}.Debug|Any CPU.ActiveCfg = Debug|Any CPU
		{CC905E28-0DA7-4866-B208-7241527BDF2A}.Debug|Any CPU.Build.0 = Debug|Any CPU
		{CC905E28-0DA7-4866-B208-7241527BDF2A}.Release|Any CPU.ActiveCfg = Release|Any CPU
		{CC905E28-0DA7-4866-B208-7241527BDF2A}.Release|Any CPU.Build.0 = Release|Any CPU
		{D2B75057-2447-477E-AF3E-042CF44D2E15}.Debug|Any CPU.ActiveCfg = Debug|Any CPU
		{D2B75057-2447-477E-AF3E-042CF44D2E15}.Debug|Any CPU.Build.0 = Debug|Any CPU
		{D2B75057-2447-477E-AF3E-042CF44D2E15}.Release|Any CPU.ActiveCfg = Release|Any CPU
		{D2B75057-2447-477E-AF3E-042CF44D2E15}.Release|Any CPU.Build.0 = Release|Any CPU
	EndGlobalSection
	GlobalSection(SolutionProperties) = preSolution
		HideSolutionNode = FALSE
	EndGlobalSection
	GlobalSection(NestedProjects) = preSolution
		{54105360-D829-489D-AAB6-801A4D0502A3} = {A45EA7FB-243D-4213-8F7A-E6EFF4F07CAF}
		{36E70328-9A89-4BE8-960C-C0932797331E} = {439D69C4-685B-4719-B137-A98A5E8FF7C8}
		{0A614C58-D8D9-4F5E-AD28-E287EE814F25} = {439D69C4-685B-4719-B137-A98A5E8FF7C8}
		{7FF3B90C-AEEF-4263-9F8D-A0E94C7E7A06} = {439D69C4-685B-4719-B137-A98A5E8FF7C8}
		{FAE57CA0-0727-4C6D-8E1D-5A64227F775D} = {36E70328-9A89-4BE8-960C-C0932797331E}
		{96D4F20C-8A48-49C9-BD95-6A3E86DA3A31} = {0A614C58-D8D9-4F5E-AD28-E287EE814F25}
		{9631A114-6E48-4316-9ACA-8A5C281BD591} = {7FF3B90C-AEEF-4263-9F8D-A0E94C7E7A06}
		{5F72D844-D38D-495E-8DF6-78246BD8EB4E} = {029ECE7D-5FF5-4202-8932-F69C7231AF8A}
		{204F0919-F646-4136-A906-C28B94403638} = {36E70328-9A89-4BE8-960C-C0932797331E}
		{CC905E28-0DA7-4866-B208-7241527BDF2A} = {029ECE7D-5FF5-4202-8932-F69C7231AF8A}
		{D2B75057-2447-477E-AF3E-042CF44D2E15} = {029ECE7D-5FF5-4202-8932-F69C7231AF8A}
	EndGlobalSection
	GlobalSection(ExtensibilityGlobals) = postSolution
		SolutionGuid = {0B4B495D-1423-4928-8770-E180F711BAB9}
	EndGlobalSection
EndGlobal
